
Microsoft Visual Studio Solution File, Format Version 12.00
Project("{FAE04EC0-301F-11D3-BF4B-00C04F79EFBC}") = "EC-APIGateway", "EC-APIGateway.csproj", "{91F99601-AF9E-4C1C-9289-0E839C4FCA89}"
EndProject
Global
	GlobalSection(SolutionConfigurationPlatforms) = preSolution
		Debug|Any CPU = Debug|Any CPU
		Release|Any CPU = Release|Any CPU
	EndGlobalSection
	GlobalSection(ProjectConfigurationPlatforms) = postSolution
		{91F99601-AF9E-4C1C-9289-0E839C4FCA89}.Debug|Any CPU.ActiveCfg = Debug|Any CPU
		{91F99601-AF9E-4C1C-9289-0E839C4FCA89}.Debug|Any CPU.Build.0 = Debug|Any CPU
		{91F99601-AF9E-4C1C-9289-0E839C4FCA89}.Release|Any CPU.ActiveCfg = Release|Any CPU
		{91F99601-AF9E-4C1C-9289-0E839C4FCA89}.Release|Any CPU.Build.0 = Release|Any CPU
	EndGlobalSection
EndGlobal
